<?xml version="1.0" encoding="utf-8"?>
<Project ToolsVersion="4.0" xmlns="http://schemas.microsoft.com/developer/msbuild/2003">
  <ItemGroup>
    <Filter Include="ソース ファイル">
      <UniqueIdentifier>{4FC737F1-C7A5-4376-A066-2A32D752A2FF}</UniqueIdentifier>
      <Extensions>cpp;c;cc;cxx;c++;cppm;ixx;def;odl;idl;hpj;bat;asm;asmx</Extensions>
    </Filter>
    <Filter Include="ヘッダー ファイル">
      <UniqueIdentifier>{93995380-89BD-4b04-88EB-625FBE52EBFB}</UniqueIdentifier>
      <Extensions>h;hh;hpp;hxx;h++;hm;inl;inc;ipp;xsd</Extensions>
    </Filter>
    <Filter Include="リソース ファイル">
      <UniqueIdentifier>{67DA6AB6-F800-4c08-8B7A-83BB121AAD01}</UniqueIdentifier>
      <Extensions>rc;ico;cur;bmp;dlg;rc2;rct;bin;rgs;gif;jpg;jpeg;jpe;resx;tiff;tif;png;wav;mfcribbon-ms</Extensions>
    </Filter>
    <Filter Include="ソース ファイル\GameOver">
      <UniqueIdentifier>{f835a7d5-d87d-4f0e-8576-31c7da3450c9}</UniqueIdentifier>
    </Filter>
    <Filter Include="ソース ファイル\アイテム処理">
      <UniqueIdentifier>{fbae52f5-de41-414b-9d85-de73fb922b44}</UniqueIdentifier>
    </Filter>
    <Filter Include="ソース ファイル\主人公処理">
      <UniqueIdentifier>{e84861fd-0044-4112-bea7-a5fc38114e75}</UniqueIdentifier>
    </Filter>
    <Filter Include="ソース ファイル\ブロック処理">
      <UniqueIdentifier>{e32c0ca3-f08e-4ee3-af15-269359353221}</UniqueIdentifier>
    </Filter>
    <Filter Include="ソース ファイル\タイトル">
      <UniqueIdentifier>{1b7f8120-9738-4dae-ba36-651b3cbcb402}</UniqueIdentifier>
    </Filter>
    <Filter Include="ソース ファイル\シーンメイン">
      <UniqueIdentifier>{eaac5bc8-3c66-4fc5-b356-8fcefd619f90}</UniqueIdentifier>
    </Filter>
    <Filter Include="ソース ファイル\インベントリ">
      <UniqueIdentifier>{f62cc9f5-f0c9-45b6-914e-6d137bc7445d}</UniqueIdentifier>
    </Filter>
    <Filter Include="ソース ファイル\アイテム処理\つるはし">
      <UniqueIdentifier>{d442ab21-053c-493d-87a0-bd871f91e569}</UniqueIdentifier>
    </Filter>
    <Filter Include="ソース ファイル\アイテム処理\はしご">
      <UniqueIdentifier>{52b766e4-e95f-4be2-a58b-19fe8526dca3}</UniqueIdentifier>
    </Filter>
    <Filter Include="ソース ファイル\アイテム処理\板">
      <UniqueIdentifier>{b9e391c3-6dbf-4eb7-8eea-50d305fb826e}</UniqueIdentifier>
    </Filter>
    <Filter Include="ソース ファイル\GameClear">
      <UniqueIdentifier>{0d3c4198-180d-4258-92f5-fe4acd200f34}</UniqueIdentifier>
    </Filter>
  </ItemGroup>
  <ItemGroup>
    <ClCompile Include="GameL\Audio.cpp">
      <Filter>リソース ファイル</Filter>
    </ClCompile>
    <ClCompile Include="GameL\DirectXDevice.cpp">
      <Filter>リソース ファイル</Filter>
    </ClCompile>
    <ClCompile Include="GameL\Draw2DTex_Source.cpp">
      <Filter>リソース ファイル</Filter>
    </ClCompile>
    <ClCompile Include="GameL\DrawFont.cpp">
      <Filter>リソース ファイル</Filter>
    </ClCompile>
    <ClCompile Include="GameL\DrawTexture.cpp">
      <Filter>リソース ファイル</Filter>
    </ClCompile>
    <ClCompile Include="GameL\GameL_Main.cpp">
      <Filter>リソース ファイル</Filter>
    </ClCompile>
    <ClCompile Include="GameL\HitBoxManager.cpp">
      <Filter>リソース ファイル</Filter>
    </ClCompile>
    <ClCompile Include="GameL\MultiThread.cpp">
      <Filter>リソース ファイル</Filter>
    </ClCompile>
    <ClCompile Include="GameL\SceneManager.cpp">
      <Filter>リソース ファイル</Filter>
    </ClCompile>
    <ClCompile Include="GameL\SceneObjManager.cpp">
      <Filter>リソース ファイル</Filter>
    </ClCompile>
    <ClCompile Include="GameL\SetWindow.cpp">
      <Filter>リソース ファイル</Filter>
    </ClCompile>
    <ClCompile Include="GameL\UserData.cpp">
      <Filter>リソース ファイル</Filter>
    </ClCompile>
    <ClCompile Include="GameL\WinInputs.cpp">
      <Filter>リソース ファイル</Filter>
    </ClCompile>
    <ClCompile Include="item.cpp">
      <Filter>ソース ファイル</Filter>
    </ClCompile>
    <ClCompile Include="turuhasi.cpp">
      <Filter>ソース ファイル</Filter>
    </ClCompile>
    <ClCompile Include="SceneGameOver.cpp">
      <Filter>ソース ファイル\GameOver</Filter>
    </ClCompile>
    <ClCompile Include="ObjGameOver.cpp">
      <Filter>ソース ファイル\GameOver</Filter>
    </ClCompile>
    <ClCompile Include="ObjHero.cpp">
      <Filter>ソース ファイル\主人公処理</Filter>
    </ClCompile>
    <ClCompile Include="ObjBlock.cpp">
      <Filter>ソース ファイル\ブロック処理</Filter>
    </ClCompile>
    <ClCompile Include="ObjTitle.cpp">
      <Filter>ソース ファイル\タイトル</Filter>
    </ClCompile>
    <ClCompile Include="SceneMain.cpp">
      <Filter>ソース ファイル\シーンメイン</Filter>
    </ClCompile>
    <ClCompile Include="SceneTitle.cpp">
      <Filter>ソース ファイル\タイトル</Filter>
    </ClCompile>
    <ClCompile Include="ObjRock.cpp">
      <Filter>ソース ファイル\アイテム処理</Filter>
    </ClCompile>
    <ClCompile Include="ObjInventory.cpp">
      <Filter>ソース ファイル\インベントリ</Filter>
    </ClCompile>
    <ClCompile Include="ObjPick.cpp">
      <Filter>ソース ファイル\アイテム処理\つるはし</Filter>
    </ClCompile>
    <ClCompile Include="ObjLadder.cpp">
      <Filter>ソース ファイル\アイテム処理\はしご</Filter>
    </ClCompile>
    <ClCompile Include="LadderItem.cpp">
      <Filter>ソース ファイル\アイテム処理\はしご</Filter>
    </ClCompile>
    <ClCompile Include="LadderItem2.cpp">
      <Filter>ソース ファイル\アイテム処理\はしご</Filter>
    </ClCompile>
    <ClCompile Include="ObjLadder.cpp">
      <Filter>ソース ファイル\アイテム処理\はしご</Filter>
    </ClCompile>
    <ClCompile Include="BoardItem.cpp">
      <Filter>ソース ファイル\アイテム処理\板</Filter>
    </ClCompile>
    <ClCompile Include="ObjBoard.cpp">
      <Filter>ソース ファイル\アイテム処理\板</Filter>
    </ClCompile>
    <ClCompile Include="ObjGameClear.cpp">
      <Filter>ソース ファイル\GameClear</Filter>
    </ClCompile>
    <ClCompile Include="SceneGameClear.cpp">
      <Filter>ソース ファイル\GameClear</Filter>
    </ClCompile>
    <ClCompile Include="ObjTitleBackground.cpp">
      <Filter>ソース ファイル\タイトル</Filter>
    </ClCompile>
  </ItemGroup>
  <ItemGroup>
    <ClInclude Include="GameL\Audio.h">
      <Filter>リソース ファイル</Filter>
    </ClInclude>
    <ClInclude Include="GameL\DirectXDevice.h">
      <Filter>リソース ファイル</Filter>
    </ClInclude>
    <ClInclude Include="GameL\DrawFont.h">
      <Filter>リソース ファイル</Filter>
    </ClInclude>
    <ClInclude Include="GameL\DrawTexture.h">
      <Filter>リソース ファイル</Filter>
    </ClInclude>
    <ClInclude Include="GameL\HitBoxManager.h">
      <Filter>リソース ファイル</Filter>
    </ClInclude>
    <ClInclude Include="GameL\MultiThread.h">
      <Filter>リソース ファイル</Filter>
    </ClInclude>
    <ClInclude Include="GameL\SceneManager.h">
      <Filter>リソース ファイル</Filter>
    </ClInclude>
    <ClInclude Include="GameL\SceneObjManager.h">
      <Filter>リソース ファイル</Filter>
    </ClInclude>
    <ClInclude Include="GameL\SetWindow.h">
      <Filter>リソース ファイル</Filter>
    </ClInclude>
    <ClInclude Include="GameL\UserData.h">
      <Filter>リソース ファイル</Filter>
    </ClInclude>
    <ClInclude Include="GameL\WinInputs.h">
      <Filter>リソース ファイル</Filter>
    </ClInclude>
    <ClInclude Include="GameHead.h">
      <Filter>ヘッダー ファイル</Filter>
    </ClInclude>
    <ClInclude Include="main.h">
      <Filter>ヘッダー ファイル</Filter>
    </ClInclude>
    <ClInclude Include="item.h">
      <Filter>ソース ファイル</Filter>
    </ClInclude>
    <ClInclude Include="turuhasi.h">
      <Filter>ソース ファイル</Filter>
    </ClInclude>
    <ClInclude Include="ObjGameOver.h">
      <Filter>ソース ファイル\GameOver</Filter>
    </ClInclude>
    <ClInclude Include="ObjHero.h">
      <Filter>ソース ファイル\主人公処理</Filter>
    </ClInclude>
    <ClInclude Include="ObjBlock.h">
      <Filter>ソース ファイル\ブロック処理</Filter>
    </ClInclude>
    <ClInclude Include="ObjTitle.h">
      <Filter>ソース ファイル\タイトル</Filter>
    </ClInclude>
    <ClInclude Include="SceneMain.h">
      <Filter>ソース ファイル\シーンメイン</Filter>
    </ClInclude>
    <ClInclude Include="SceneTitle.h">
      <Filter>ソース ファイル\タイトル</Filter>
    </ClInclude>
    <ClInclude Include="ObjRock.h">
      <Filter>ソース ファイル\アイテム処理</Filter>
    </ClInclude>
    <ClInclude Include="ObjInventory.h">
      <Filter>ソース ファイル\インベントリ</Filter>
    </ClInclude>
    <ClInclude Include="ObjPick.h">
      <Filter>ソース ファイル\アイテム処理\つるはし</Filter>
    </ClInclude>
    <ClInclude Include="ObjLadder.h">
      <Filter>ソース ファイル\アイテム処理\はしご</Filter>
    </ClInclude>
    <ClInclude Include="LadderItem.h">
      <Filter>ソース ファイル\アイテム処理\はしご</Filter>
    </ClInclude>
    <ClInclude Include="LadderItem2.h">
      <Filter>ソース ファイル\アイテム処理\はしご</Filter>
    </ClInclude>
    <ClInclude Include="SceneGameOver.h">
      <Filter>ヘッダー ファイル</Filter>
    </ClInclude>
    <ClInclude Include="BoardItem.h">
      <Filter>ソース ファイル\アイテム処理\板</Filter>
    </ClInclude>
    <ClInclude Include="ObjBoard.h">
      <Filter>ソース ファイル\アイテム処理\板</Filter>
    </ClInclude>
    <ClInclude Include="ObjGameClear.h">
      <Filter>ソース ファイル\GameClear</Filter>
    </ClInclude>
    <ClInclude Include="SceneGameClear.h">
      <Filter>ソース ファイル\GameClear</Filter>
    </ClInclude>
    <ClInclude Include="ObjTitleBackground.h">
      <Filter>ソース ファイル\タイトル</Filter>
    </ClInclude>
  </ItemGroup>
  <ItemGroup>
    <None Include="SceneGameOver.h">
      <Filter>ソース ファイル\GameOver</Filter>
    </None>
  </ItemGroup>
</Project>